
Microsoft Visual Studio Solution File, Format Version 12.00
# Visual Studio Version 17
VisualStudioVersion = 17.4.33213.308
MinimumVisualStudioVersion = 10.0.40219.1
Project("{FAE04EC0-301F-11D3-BF4B-00C04F79EFBC}") = "Dom-Phone server", "Dom-Phone server\Dom-Phone server.csproj", "{335705A0-A5E4-4325-ACE2-01D0B2BE72B9}"
EndProject
Global
	GlobalSection(SolutionConfigurationPlatforms) = preSolution
		Debug|Any CPU = Debug|Any CPU
		Release|Any CPU = Release|Any CPU
	EndGlobalSection
	GlobalSection(ProjectConfigurationPlatforms) = postSolution
		{335705A0-A5E4-4325-ACE2-01D0B2BE72B9}.Debug|Any CPU.ActiveCfg = Debug|Any CPU
		{335705A0-A5E4-4325-ACE2-01D0B2BE72B9}.Debug|Any CPU.Build.0 = Debug|Any CPU
		{335705A0-A5E4-4325-ACE2-01D0B2BE72B9}.Release|Any CPU.ActiveCfg = Release|Any CPU
		{335705A0-A5E4-4325-ACE2-01D0B2BE72B9}.Release|Any CPU.Build.0 = Release|Any CPU
	EndGlobalSection
	GlobalSection(SolutionProperties) = preSolution
		HideSolutionNode = FALSE
	EndGlobalSection
	GlobalSection(ExtensibilityGlobals) = postSolution
		SolutionGuid = {72A8143F-F439-47C9-8EB5-127EC4FBB15E}
	EndGlobalSection
EndGlobal
